Microsoft Visual Studio Solution File, Format Version 11.00
# Visual Studio 2008

Project("{8072C229-DDF4-05B6-C767-03A42F876F8E}") = "Cross Drive", "Assembly-CSharp.csproj", "{325FF1BD-C126-70EE-E06B-DDE2DC6E7010}"
EndProject
Global
	GlobalSection(SolutionConfigurationPlatforms) = preSolution
		Debug|Any CPU = Debug|Any CPU
		Release|Any CPU = Release|Any CPU
	EndGlobalSection
	GlobalSection(ProjectConfigurationPlatforms) = postSolution
		{325FF1BD-C126-70EE-E06B-DDE2DC6E7010}.Debug|Any CPU.ActiveCfg = Debug|Any CPU
		{325FF1BD-C126-70EE-E06B-DDE2DC6E7010}.Debug|Any CPU.Build.0 = Debug|Any CPU
		{325FF1BD-C126-70EE-E06B-DDE2DC6E7010}.Release|Any CPU.ActiveCfg = Release|Any CPU
		{325FF1BD-C126-70EE-E06B-DDE2DC6E7010}.Release|Any CPU.Build.0 = Release|Any CPU
	EndGlobalSection
	GlobalSection(SolutionProperties) = preSolution
		HideSolutionNode = FALSE
	EndGlobalSection
	GlobalSection(MonoDevelopProperties) = preSolution
		StartupItem = Assembly-CSharp.csproj
	EndGlobalSection
EndGlobal
